{
  "name": "typescript-topics",
  "version": "1.0.0",
  "lockfileVersion": 1,
  "requires": true,
  "dependencies": {
    "@types/big.js": {
      "version": "4.0.5",
      "resolved": "https://registry.npmjs.org/@types/big.js/-/big.js-4.0.5.tgz",
      "integrity": "sha512-D9KFrAt05FDSqLo7PU9TDHfDgkarlwdkuwFsg7Zm4xl62tTNaz+zN+Tkcdx2wGLBbSMf8BnoMhOVeUGUaJfLKg=="
    },
    "big.js": {
      "version": "5.2.2",
      "resolved": "https://registry.npmjs.org/big.js/-/big.js-5.2.2.tgz",
      "integrity": "sha512-vyL2OymJxmarO8gxMr0mhChsO9QGwhynfuu4+MHTAW6czfq9humCB7rKpUjDd9YUiDPU4mzpyupFSvOClAwbmQ=="
    },
    "deep-equal": {
      "version": "1.0.1",
      "resolved": "https://registry.npmjs.org/deep-equal/-/deep-equal-1.0.1.tgz",
      "integrity": "sha1-9dJgKStmDghO/0zbyfCK0yR0SLU="
    },
    "typescript": {
      "version": "3.6.0-dev.20190810",
      "resolved": "https://registry.npmjs.org/typescript/-/typescript-3.6.0-dev.20190810.tgz",
      "integrity": "sha512-gubcQ8Sn2G5AO1KhjvLpoFrutV7o/ZJ7wCDBC1IKgNI8R2vadIxTystJxAFqkb9boQ7tyRrZ6FwM5EL5ZYfJrg=="
    },
    "yarn": {
      "version": "1.19.0",
      "resolved": "https://registry.npmjs.org/yarn/-/yarn-1.19.0.tgz",
      "integrity": "sha512-QLiMoj+ZHo2kT17x1t7erO6gzR+9xSa5z7Lmei1qYM1Sj37wiIFv67kQcH+nkshsO0f03ImXClfkEKUgnsMreQ=="
    }
  }
}
