{
  "name": "typescript-topics",
  "version": "1.0.0",
  "lockfileVersion": 1,
  "requires": true,
  "dependencies": {
    "deep-equal": {
      "version": "1.0.1",
      "resolved": "https://registry.npmjs.org/deep-equal/-/deep-equal-1.0.1.tgz",
      "integrity": "sha1-9dJgKStmDghO/0zbyfCK0yR0SLU="
    },
    "typescript": {
      "version": "3.6.0-dev.20190810",
      "resolved": "https://registry.npmjs.org/typescript/-/typescript-3.6.0-dev.20190810.tgz",
      "integrity": "sha512-gubcQ8Sn2G5AO1KhjvLpoFrutV7o/ZJ7wCDBC1IKgNI8R2vadIxTystJxAFqkb9boQ7tyRrZ6FwM5EL5ZYfJrg=="
    }
  }
}
